// !$*UTF8*$!
{
	archiveVersion = 1;
	classes = {
	};
	objectVersion = 55;
	objects = {

/* Begin PBXBuildFile section */
		E48F96D829C26C8F00C7FABC /* AppDelegate.swift in Sources */ = {isa = PBXBuildFile; fileRef = E48F96D729C26C8F00C7FABC /* AppDelegate.swift */; };
		E48F96DA29C26C8F00C7FABC /* SceneDelegate.swift in Sources */ = {isa = PBXBuildFile; fileRef = E48F96D929C26C8F00C7FABC /* SceneDelegate.swift */; };
		E48F96E129C26C9000C7FABC /* Assets.xcassets in Resources */ = {isa = PBXBuildFile; fileRef = E48F96E029C26C9000C7FABC /* Assets.xcassets */; };
		E48F96E429C26C9000C7FABC /* LaunchScreen.storyboard in Resources */ = {isa = PBXBuildFile; fileRef = E48F96E229C26C9000C7FABC /* LaunchScreen.storyboard */; };
		E48F96EC29C26D8800C7FABC /* PhotosTabbar.swift in Sources */ = {isa = PBXBuildFile; fileRef = E48F96EB29C26D8800C7FABC /* PhotosTabbar.swift */; };
		E48F96EE29C26DC200C7FABC /* DefaultTabBarViewController.swift in Sources */ = {isa = PBXBuildFile; fileRef = E48F96ED29C26DC200C7FABC /* DefaultTabBarViewController.swift */; };
		E48F96F129C26DE700C7FABC /* SnapKit in Frameworks */ = {isa = PBXBuildFile; productRef = E48F96F029C26DE700C7FABC /* SnapKit */; };
		E48F96F329C26E0500C7FABC /* AlbumViewController.swift in Sources */ = {isa = PBXBuildFile; fileRef = E48F96F229C26E0500C7FABC /* AlbumViewController.swift */; };
		E48F96F629C26E6F00C7FABC /* AlbumListCell.swift in Sources */ = {isa = PBXBuildFile; fileRef = E48F96F529C26E6F00C7FABC /* AlbumListCell.swift */; };
		E48F96F829C26E9500C7FABC /* AlbumFoldersCell.swift in Sources */ = {isa = PBXBuildFile; fileRef = E48F96F729C26E9500C7FABC /* AlbumFoldersCell.swift */; };
		E48F96FB29C26EE500C7FABC /* UploadDataFunctions.swift in Sources */ = {isa = PBXBuildFile; fileRef = E48F96FA29C26EE500C7FABC /* UploadDataFunctions.swift */; };
		E48F96FD29C26F3500C7FABC /* CollectionViewDataSource.swift in Sources */ = {isa = PBXBuildFile; fileRef = E48F96FC29C26F3500C7FABC /* CollectionViewDataSource.swift */; };
		E48F96FF29C26F6400C7FABC /* SectionsSeparator.swift in Sources */ = {isa = PBXBuildFile; fileRef = E48F96FE29C26F6400C7FABC /* SectionsSeparator.swift */; };
		E48F970229C26FA100C7FABC /* Model.swift in Sources */ = {isa = PBXBuildFile; fileRef = E48F970129C26FA100C7FABC /* Model.swift */; };
		E48F970529C2702000C7FABC /* SectionHeader.swift in Sources */ = {isa = PBXBuildFile; fileRef = E48F970429C2702000C7FABC /* SectionHeader.swift */; };
		E48F970729C2703F00C7FABC /* Separator.swift in Sources */ = {isa = PBXBuildFile; fileRef = E48F970629C2703F00C7FABC /* Separator.swift */; };
/* End PBXBuildFile section */

/* Begin PBXFileReference section */
		E48F96D429C26C8F00C7FABC /* PhotosApp.app */ = {isa = PBXFileReference; explicitFileType = wrapper.application; includeInIndex = 0; path = PhotosApp.app; sourceTree = BUILT_PRODUCTS_DIR; };
		E48F96D729C26C8F00C7FABC /* AppDelegate.swift */ = {isa = PBXFileReference; lastKnownFileType = sourcecode.swift; path = AppDelegate.swift; sourceTree = "<group>"; };
		E48F96D929C26C8F00C7FABC /* SceneDelegate.swift */ = {isa = PBXFileReference; lastKnownFileType = sourcecode.swift; path = SceneDelegate.swift; sourceTree = "<group>"; };
		E48F96E029C26C9000C7FABC /* Assets.xcassets */ = {isa = PBXFileReference; lastKnownFileType = folder.assetcatalog; path = Assets.xcassets; sourceTree = "<group>"; };
		E48F96E329C26C9000C7FABC /* Base */ = {isa = PBXFileReference; lastKnownFileType = file.storyboard; name = Base; path = Base.lproj/LaunchScreen.storyboard; sourceTree = "<group>"; };
		E48F96E529C26C9000C7FABC /* Info.plist */ = {isa = PBXFileReference; lastKnownFileType = text.plist.xml; path = Info.plist; sourceTree = "<group>"; };
		E48F96EB29C26D8800C7FABC /* PhotosTabbar.swift */ = {isa = PBXFileReference; lastKnownFileType = sourcecode.swift; path = PhotosTabbar.swift; sourceTree = "<group>"; };
		E48F96ED29C26DC200C7FABC /* DefaultTabBarViewController.swift */ = {isa = PBXFileReference; lastKnownFileType = sourcecode.swift; path = DefaultTabBarViewController.swift; sourceTree = "<group>"; };
		E48F96F229C26E0500C7FABC /* AlbumViewController.swift */ = {isa = PBXFileReference; lastKnownFileType = sourcecode.swift; path = AlbumViewController.swift; sourceTree = "<group>"; };
		E48F96F529C26E6F00C7FABC /* AlbumListCell.swift */ = {isa = PBXFileReference; lastKnownFileType = sourcecode.swift; path = AlbumListCell.swift; sourceTree = "<group>"; };
		E48F96F729C26E9500C7FABC /* AlbumFoldersCell.swift */ = {isa = PBXFileReference; lastKnownFileType = sourcecode.swift; path = AlbumFoldersCell.swift; sourceTree = "<group>"; };
		E48F96FA29C26EE500C7FABC /* UploadDataFunctions.swift */ = {isa = PBXFileReference; lastKnownFileType = sourcecode.swift; path = UploadDataFunctions.swift; sourceTree = "<group>"; };
		E48F96FC29C26F3500C7FABC /* CollectionViewDataSource.swift */ = {isa = PBXFileReference; lastKnownFileType = sourcecode.swift; path = CollectionViewDataSource.swift; sourceTree = "<group>"; };
		E48F96FE29C26F6400C7FABC /* SectionsSeparator.swift */ = {isa = PBXFileReference; lastKnownFileType = sourcecode.swift; path = SectionsSeparator.swift; sourceTree = "<group>"; };
		E48F970129C26FA100C7FABC /* Model.swift */ = {isa = PBXFileReference; lastKnownFileType = sourcecode.swift; path = Model.swift; sourceTree = "<group>"; };
		E48F970429C2702000C7FABC /* SectionHeader.swift */ = {isa = PBXFileReference; lastKnownFileType = sourcecode.swift; path = SectionHeader.swift; sourceTree = "<group>"; };
		E48F970629C2703F00C7FABC /* Separator.swift */ = {isa = PBXFileReference; lastKnownFileType = sourcecode.swift; path = Separator.swift; sourceTree = "<group>"; };
/* End PBXFileReference section */

/* Begin PBXFrameworksBuildPhase section */
		E48F96D129C26C8F00C7FABC /* Frameworks */ = {
			isa = PBXFrameworksBuildPhase;
			buildActionMask = 2147483647;
			files = (
				E48F96F129C26DE700C7FABC /* SnapKit in Frameworks */,
			);
			runOnlyForDeploymentPostprocessing = 0;
		};
/* End PBXFrameworksBuildPhase section */

/* Begin PBXGroup section */
		E48F96CB29C26C8F00C7FABC = {
			isa = PBXGroup;
			children = (
				E48F96D629C26C8F00C7FABC /* PhotosApp */,
				E48F96D529C26C8F00C7FABC /* Products */,
			);
			sourceTree = "<group>";
		};
		E48F96D529C26C8F00C7FABC /* Products */ = {
			isa = PBXGroup;
			children = (
				E48F96D429C26C8F00C7FABC /* PhotosApp.app */,
			);
			name = Products;
			sourceTree = "<group>";
		};
		E48F96D629C26C8F00C7FABC /* PhotosApp */ = {
			isa = PBXGroup;
			children = (
				E48F970929C2734600C7FABC /* App */,
				E48F970829C272DC00C7FABC /* ViewControllers */,
				E48F96E029C26C9000C7FABC /* Assets.xcassets */,
				E48F96E229C26C9000C7FABC /* LaunchScreen.storyboard */,
				E48F96E529C26C9000C7FABC /* Info.plist */,
			);
			path = PhotosApp;
			sourceTree = "<group>";
		};
		E48F96F429C26E4800C7FABC /* CollectionViewCells */ = {
			isa = PBXGroup;
			children = (
				E48F96F529C26E6F00C7FABC /* AlbumListCell.swift */,
				E48F96F729C26E9500C7FABC /* AlbumFoldersCell.swift */,
			);
			path = CollectionViewCells;
			sourceTree = "<group>";
		};
		E48F96F929C26EB900C7FABC /* Extensions */ = {
			isa = PBXGroup;
			children = (
				E48F96FA29C26EE500C7FABC /* UploadDataFunctions.swift */,
				E48F96FC29C26F3500C7FABC /* CollectionViewDataSource.swift */,
				E48F96FE29C26F6400C7FABC /* SectionsSeparator.swift */,
			);
			path = Extensions;
			sourceTree = "<group>";
		};
		E48F970029C26F8800C7FABC /* Model */ = {
			isa = PBXGroup;
			children = (
				E48F970129C26FA100C7FABC /* Model.swift */,
			);
			path = Model;
			sourceTree = "<group>";
		};
		E48F970329C26FE300C7FABC /* SectionHeader */ = {
			isa = PBXGroup;
			children = (
				E48F970429C2702000C7FABC /* SectionHeader.swift */,
				E48F970629C2703F00C7FABC /* Separator.swift */,
			);
			path = SectionHeader;
			sourceTree = "<group>";
		};
		E48F970829C272DC00C7FABC /* ViewControllers */ = {
			isa = PBXGroup;
			children = (
				E48F96EB29C26D8800C7FABC /* PhotosTabbar.swift */,
				E48F96F229C26E0500C7FABC /* AlbumViewController.swift */,
				E48F96ED29C26DC200C7FABC /* DefaultTabBarViewController.swift */,
				E48F96F429C26E4800C7FABC /* CollectionViewCells */,
				E48F970329C26FE300C7FABC /* SectionHeader */,
				E48F970029C26F8800C7FABC /* Model */,
				E48F96F929C26EB900C7FABC /* Extensions */,
			);
			path = ViewControllers;
			sourceTree = "<group>";
		};
		E48F970929C2734600C7FABC /* App */ = {
			isa = PBXGroup;
			children = (
				E48F96D929C26C8F00C7FABC /* SceneDelegate.swift */,
				E48F96D729C26C8F00C7FABC /* AppDelegate.swift */,
			);
			path = App;
			sourceTree = "<group>";
		};
/* End PBXGroup section */

/* Begin PBXNativeTarget section */
		E48F96D329C26C8F00C7FABC /* PhotosApp */ = {
			isa = PBXNativeTarget;
			buildConfigurationList = E48F96E829C26C9000C7FABC /* Build configuration list for PBXNativeTarget "PhotosApp" */;
			buildPhases = (
				E48F96D029C26C8F00C7FABC /* Sources */,
				E48F96D129C26C8F00C7FABC /* Frameworks */,
				E48F96D229C26C8F00C7FABC /* Resources */,
			);
			buildRules = (
			);
			dependencies = (
			);
			name = PhotosApp;
			packageProductDependencies = (
				E48F96F029C26DE700C7FABC /* SnapKit */,
			);
			productName = PhotosApp;
			productReference = E48F96D429C26C8F00C7FABC /* PhotosApp.app */;
			productType = "com.apple.product-type.application";
		};
/* End PBXNativeTarget section */

/* Begin PBXProject section */
		E48F96CC29C26C8F00C7FABC /* Project object */ = {
			isa = PBXProject;
			attributes = {
				BuildIndependentTargetsInParallel = 1;
				LastSwiftUpdateCheck = 1310;
				LastUpgradeCheck = 1310;
				TargetAttributes = {
					E48F96D329C26C8F00C7FABC = {
						CreatedOnToolsVersion = 13.1;
					};
				};
			};
			buildConfigurationList = E48F96CF29C26C8F00C7FABC /* Build configuration list for PBXProject "PhotosApp" */;
			compatibilityVersion = "Xcode 13.0";
			developmentRegion = en;
			hasScannedForEncodings = 0;
			knownRegions = (
				en,
				Base,
			);
			mainGroup = E48F96CB29C26C8F00C7FABC;
			packageReferences = (
				E48F96EF29C26DE700C7FABC /* XCRemoteSwiftPackageReference "SnapKit" */,
			);
			productRefGroup = E48F96D529C26C8F00C7FABC /* Products */;
			projectDirPath = "";
			projectRoot = "";
			targets = (
				E48F96D329C26C8F00C7FABC /* PhotosApp */,
			);
		};
/* End PBXProject section */

/* Begin PBXResourcesBuildPhase section */
		E48F96D229C26C8F00C7FABC /* Resources */ = {
			isa = PBXResourcesBuildPhase;
			buildActionMask = 2147483647;
			files = (
				E48F96E429C26C9000C7FABC /* LaunchScreen.storyboard in Resources */,
				E48F96E129C26C9000C7FABC /* Assets.xcassets in Resources */,
			);
			runOnlyForDeploymentPostprocessing = 0;
		};
/* End PBXResourcesBuildPhase section */

/* Begin PBXSourcesBuildPhase section */
		E48F96D029C26C8F00C7FABC /* Sources */ = {
			isa = PBXSourcesBuildPhase;
			buildActionMask = 2147483647;
			files = (
				E48F96F329C26E0500C7FABC /* AlbumViewController.swift in Sources */,
				E48F96FB29C26EE500C7FABC /* UploadDataFunctions.swift in Sources */,
				E48F96F829C26E9500C7FABC /* AlbumFoldersCell.swift in Sources */,
				E48F970229C26FA100C7FABC /* Model.swift in Sources */,
				E48F96FF29C26F6400C7FABC /* SectionsSeparator.swift in Sources */,
				E48F96D829C26C8F00C7FABC /* AppDelegate.swift in Sources */,
				E48F96FD29C26F3500C7FABC /* CollectionViewDataSource.swift in Sources */,
				E48F96F629C26E6F00C7FABC /* AlbumListCell.swift in Sources */,
				E48F970529C2702000C7FABC /* SectionHeader.swift in Sources */,
				E48F970729C2703F00C7FABC /* Separator.swift in Sources */,
				E48F96EC29C26D8800C7FABC /* PhotosTabbar.swift in Sources */,
				E48F96EE29C26DC200C7FABC /* DefaultTabBarViewController.swift in Sources */,
				E48F96DA29C26C8F00C7FABC /* SceneDelegate.swift in Sources */,
			);
			runOnlyForDeploymentPostprocessing = 0;
		};
/* End PBXSourcesBuildPhase section */

/* Begin PBXVariantGroup section */
		E48F96E229C26C9000C7FABC /* LaunchScreen.storyboard */ = {
			isa = PBXVariantGroup;
			children = (
				E48F96E329C26C9000C7FABC /* Base */,
			);
			name = LaunchScreen.storyboard;
			sourceTree = "<group>";
		};
/* End PBXVariantGroup section */

/* Begin XCBuildConfiguration section */
		E48F96E629C26C9000C7FABC /* Debug */ = {
			isa = XCBuildConfiguration;
			buildSettings = {
				ALWAYS_SEARCH_USER_PATHS = NO;
				CLANG_ANALYZER_NONNULL = YES;
				CLANG_ANALYZER_NUMBER_OBJECT_CONVERSION = YES_AGGRESSIVE;
				CLANG_CXX_LANGUAGE_STANDARD = "gnu++17";
				CLANG_CXX_LIBRARY = "libc++";
				CLANG_ENABLE_MODULES = YES;
				CLANG_ENABLE_OBJC_ARC = YES;
				CLANG_ENABLE_OBJC_WEAK = YES;
				CLANG_WARN_BLOCK_CAPTURE_AUTORELEASING = YES;
				CLANG_WARN_BOOL_CONVERSION = YES;
				CLANG_WARN_COMMA = YES;
				CLANG_WARN_CONSTANT_CONVERSION = YES;
				CLANG_WARN_DEPRECATED_OBJC_IMPLEMENTATIONS = YES;
				CLANG_WARN_DIRECT_OBJC_ISA_USAGE = YES_ERROR;
				CLANG_WARN_DOCUMENTATION_COMMENTS = YES;
				CLANG_WARN_EMPTY_BODY = YES;
				CLANG_WARN_ENUM_CONVERSION = YES;
				CLANG_WARN_INFINITE_RECURSION = YES;
				CLANG_WARN_INT_CONVERSION = YES;
				CLANG_WARN_NON_LITERAL_NULL_CONVERSION = YES;
				CLANG_WARN_OBJC_IMPLICIT_RETAIN_SELF = YES;
				CLANG_WARN_OBJC_LITERAL_CONVERSION = YES;
				CLANG_WARN_OBJC_ROOT_CLASS = YES_ERROR;
				CLANG_WARN_QUOTED_INCLUDE_IN_FRAMEWORK_HEADER = YES;
				CLANG_WARN_RANGE_LOOP_ANALYSIS = YES;
				CLANG_WARN_STRICT_PROTOTYPES = YES;
				CLANG_WARN_SUSPICIOUS_MOVE = YES;
				CLANG_WARN_UNGUARDED_AVAILABILITY = YES_AGGRESSIVE;
				CLANG_WARN_UNREACHABLE_CODE = YES;
				CLANG_WARN__DUPLICATE_METHOD_MATCH = YES;
				COPY_PHASE_STRIP = NO;
				DEBUG_INFORMATION_FORMAT = dwarf;
				ENABLE_STRICT_OBJC_MSGSEND = YES;
				ENABLE_TESTABILITY = YES;
				GCC_C_LANGUAGE_STANDARD = gnu11;
				GCC_DYNAMIC_NO_PIC = NO;
				GCC_NO_COMMON_BLOCKS = YES;
				GCC_OPTIMIZATION_LEVEL = 0;
				GCC_PREPROCESSOR_DEFINITIONS = (
					"DEBUG=1",
					"$(inherited)",
				);
				GCC_WARN_64_TO_32_BIT_CONVERSION = YES;
				GCC_WARN_ABOUT_RETURN_TYPE = YES_ERROR;
				GCC_WARN_UNDECLARED_SELECTOR = YES;
				GCC_WARN_UNINITIALIZED_AUTOS = YES_AGGRESSIVE;
				GCC_WARN_UNUSED_FUNCTION = YES;
				GCC_WARN_UNUSED_VARIABLE = YES;
				IPHONEOS_DEPLOYMENT_TARGET = 15.0;
				MTL_ENABLE_DEBUG_INFO = INCLUDE_SOURCE;
				MTL_FAST_MATH = YES;
				ONLY_ACTIVE_ARCH = YES;
				SDKROOT = iphoneos;
				SWIFT_ACTIVE_COMPILATION_CONDITIONS = DEBUG;
				SWIFT_OPTIMIZATION_LEVEL = "-Onone";
			};
			name = Debug;
		};
		E48F96E729C26C9000C7FABC /* Release */ = {
			isa = XCBuildConfiguration;
			buildSettings = {
				ALWAYS_SEARCH_USER_PATHS = NO;
				CLANG_ANALYZER_NONNULL = YES;
				CLANG_ANALYZER_NUMBER_OBJECT_CONVERSION = YES_AGGRESSIVE;
				CLANG_CXX_LANGUAGE_STANDARD = "gnu++17";
				CLANG_CXX_LIBRARY = "libc++";
				CLANG_ENABLE_MODULES = YES;
				CLANG_ENABLE_OBJC_ARC = YES;
				CLANG_ENABLE_OBJC_WEAK = YES;
				CLANG_WARN_BLOCK_CAPTURE_AUTORELEASING = YES;
				CLANG_WARN_BOOL_CONVERSION = YES;
				CLANG_WARN_COMMA = YES;
				CLANG_WARN_CONSTANT_CONVERSION = YES;
				CLANG_WARN_DEPRECATED_OBJC_IMPLEMENTATIONS = YES;
				CLANG_WARN_DIRECT_OBJC_ISA_USAGE = YES_ERROR;
				CLANG_WARN_DOCUMENTATION_COMMENTS = YES;
				CLANG_WARN_EMPTY_BODY = YES;
				CLANG_WARN_ENUM_CONVERSION = YES;
				CLANG_WARN_INFINITE_RECURSION = YES;
				CLANG_WARN_INT_CONVERSION = YES;
				CLANG_WARN_NON_LITERAL_NULL_CONVERSION = YES;
				CLANG_WARN_OBJC_IMPLICIT_RETAIN_SELF = YES;
				CLANG_WARN_OBJC_LITERAL_CONVERSION = YES;
				CLANG_WARN_OBJC_ROOT_CLASS = YES_ERROR;
				CLANG_WARN_QUOTED_INCLUDE_IN_FRAMEWORK_HEADER = YES;
				CLANG_WARN_RANGE_LOOP_ANALYSIS = YES;
				CLANG_WARN_STRICT_PROTOTYPES = YES;
				CLANG_WARN_SUSPICIOUS_MOVE = YES;
				CLANG_WARN_UNGUARDED_AVAILABILITY = YES_AGGRESSIVE;
				CLANG_WARN_UNREACHABLE_CODE = YES;
				CLANG_WARN__DUPLICATE_METHOD_MATCH = YES;
				COPY_PHASE_STRIP = NO;
				DEBUG_INFORMATION_FORMAT = "dwarf-with-dsym";
				ENABLE_NS_ASSERTIONS = NO;
				ENABLE_STRICT_OBJC_MSGSEND = YES;
				GCC_C_LANGUAGE_STANDARD = gnu11;
				GCC_NO_COMMON_BLOCKS = YES;
				GCC_WARN_64_TO_32_BIT_CONVERSION = YES;
				GCC_WARN_ABOUT_RETURN_TYPE = YES_ERROR;
				GCC_WARN_UNDECLARED_SELECTOR = YES;
				GCC_WARN_UNINITIALIZED_AUTOS = YES_AGGRESSIVE;
				GCC_WARN_UNUSED_FUNCTION = YES;
				GCC_WARN_UNUSED_VARIABLE = YES;
				IPHONEOS_DEPLOYMENT_TARGET = 15.0;
				MTL_ENABLE_DEBUG_INFO = NO;
				MTL_FAST_MATH = YES;
				SDKROOT = iphoneos;
				SWIFT_COMPILATION_MODE = wholemodule;
				SWIFT_OPTIMIZATION_LEVEL = "-O";
				VALIDATE_PRODUCT = YES;
			};
			name = Release;
		};
		E48F96E929C26C9000C7FABC /* Debug */ = {
			isa = XCBuildConfiguration;
			buildSettings = {
				ASSETCATALOG_COMPILER_APPICON_NAME = AppIcon;
				ASSETCATALOG_COMPILER_GLOBAL_ACCENT_COLOR_NAME = AccentColor;
				CODE_SIGN_STYLE = Automatic;
				CURRENT_PROJECT_VERSION = 1;
				DEVELOPMENT_TEAM = U94RDSMM8C;
				GENERATE_INFOPLIST_FILE = YES;
				INFOPLIST_FILE = PhotosApp/Info.plist;
				INFOPLIST_KEY_UIApplicationSupportsIndirectInputEvents = YES;
				INFOPLIST_KEY_UILaunchStoryboardName = LaunchScreen;
				INFOPLIST_KEY_UISupportedInterfaceOrientations_iPad = "UIInterfaceOrientationPortrait UIInterfaceOrientationPortraitUpsideDown UIInterfaceOrientationLandscapeLeft UIInterfaceOrientationLandscapeRight";
				INFOPLIST_KEY_UISupportedInterfaceOrientations_iPhone = "UIInterfaceOrientationPortrait UIInterfaceOrientationLandscapeLeft UIInterfaceOrientationLandscapeRight";
				LD_RUNPATH_SEARCH_PATHS = (
					"$(inherited)",
					"@executable_path/Frameworks",
				);
				MARKETING_VERSION = 1.0;
				PRODUCT_BUNDLE_IDENTIFIER = "Aisaule-Sibatova.PhotosApp";
				PRODUCT_NAME = "$(TARGET_NAME)";
				SWIFT_EMIT_LOC_STRINGS = YES;
				SWIFT_VERSION = 5.0;
				TARGETED_DEVICE_FAMILY = "1,2";
			};
			name = Debug;
		};
		E48F96EA29C26C9000C7FABC /* Release */ = {
			isa = XCBuildConfiguration;
			buildSettings = {
				ASSETCATALOG_COMPILER_APPICON_NAME = AppIcon;
				ASSETCATALOG_COMPILER_GLOBAL_ACCENT_COLOR_NAME = AccentColor;
				CODE_SIGN_STYLE = Automatic;
				CURRENT_PROJECT_VERSION = 1;
				DEVELOPMENT_TEAM = U94RDSMM8C;
				GENERATE_INFOPLIST_FILE = YES;
				INFOPLIST_FILE = PhotosApp/Info.plist;
				INFOPLIST_KEY_UIApplicationSupportsIndirectInputEvents = YES;
				INFOPLIST_KEY_UILaunchStoryboardName = LaunchScreen;
				INFOPLIST_KEY_UISupportedInterfaceOrientations_iPad = "UIInterfaceOrientationPortrait UIInterfaceOrientationPortraitUpsideDown UIInterfaceOrientationLandscapeLeft UIInterfaceOrientationLandscapeRight";
				INFOPLIST_KEY_UISupportedInterfaceOrientations_iPhone = "UIInterfaceOrientationPortrait UIInterfaceOrientationLandscapeLeft UIInterfaceOrientationLandscapeRight";
				LD_RUNPATH_SEARCH_PATHS = (
					"$(inherited)",
					"@executable_path/Frameworks",
				);
				MARKETING_VERSION = 1.0;
				PRODUCT_BUNDLE_IDENTIFIER = "Aisaule-Sibatova.PhotosApp";
				PRODUCT_NAME = "$(TARGET_NAME)";
				SWIFT_EMIT_LOC_STRINGS = YES;
				SWIFT_VERSION = 5.0;
				TARGETED_DEVICE_FAMILY = "1,2";
			};
			name = Release;
		};
/* End XCBuildConfiguration section */

/* Begin XCConfigurationList section */
		E48F96CF29C26C8F00C7FABC /* Build configuration list for PBXProject "PhotosApp" */ = {
			isa = XCConfigurationList;
			buildConfigurations = (
				E48F96E629C26C9000C7FABC /* Debug */,
				E48F96E729C26C9000C7FABC /* Release */,
			);
			defaultConfigurationIsVisible = 0;
			defaultConfigurationName = Release;
		};
		E48F96E829C26C9000C7FABC /* Build configuration list for PBXNativeTarget "PhotosApp" */ = {
			isa = XCConfigurationList;
			buildConfigurations = (
				E48F96E929C26C9000C7FABC /* Debug */,
				E48F96EA29C26C9000C7FABC /* Release */,
			);
			defaultConfigurationIsVisible = 0;
			defaultConfigurationName = Release;
		};
/* End XCConfigurationList section */

/* Begin XCRemoteSwiftPackageReference section */
		E48F96EF29C26DE700C7FABC /* XCRemoteSwiftPackageReference "SnapKit" */ = {
			isa = XCRemoteSwiftPackageReference;
			repositoryURL = "https://github.com/SnapKit/SnapKit";
			requirement = {
				branch = develop;
				kind = branch;
			};
		};
/* End XCRemoteSwiftPackageReference section */

/* Begin XCSwiftPackageProductDependency section */
		E48F96F029C26DE700C7FABC /* SnapKit */ = {
			isa = XCSwiftPackageProductDependency;
			package = E48F96EF29C26DE700C7FABC /* XCRemoteSwiftPackageReference "SnapKit" */;
			productName = SnapKit;
		};
/* End XCSwiftPackageProductDependency section */
	};
	rootObject = E48F96CC29C26C8F00C7FABC /* Project object */;
}
